
Microsoft Visual Studio Solution File, Format Version 12.00
# Visual Studio Version 16
VisualStudioVersion = 16.0.29503.13
MinimumVisualStudioVersion = 10.0.40219.1
Project("{00D1A9C2-B5F0-4AF3-8072-F6C62B433612}") = "ITHS-DB-Lab3-Database", "ITHS-DB-Lab3-Database\ITHS-DB-Lab3-Database.sqlproj", "{48C267F6-E921-48CD-B56E-F33E41B7F979}"
EndProject
Project("{FAE04EC0-301F-11D3-BF4B-00C04F79EFBC}") = "ITHS-DB-Lab3-Web", "ITHS-DB-Lab3-Web\ITHS-DB-Lab3-Web.csproj", "{47B9B038-6053-4CF5-91BA-240023953342}"
EndProject
Global
	GlobalSection(SolutionConfigurationPlatforms) = preSolution
		Debug|Any CPU = Debug|Any CPU
		Release|Any CPU = Release|Any CPU
	EndGlobalSection
	GlobalSection(ProjectConfigurationPlatforms) = postSolution
		{48C267F6-E921-48CD-B56E-F33E41B7F979}.Debug|Any CPU.ActiveCfg = Debug|Any CPU
		{48C267F6-E921-48CD-B56E-F33E41B7F979}.Debug|Any CPU.Build.0 = Debug|Any CPU
		{48C267F6-E921-48CD-B56E-F33E41B7F979}.Debug|Any CPU.Deploy.0 = Debug|Any CPU
		{48C267F6-E921-48CD-B56E-F33E41B7F979}.Release|Any CPU.ActiveCfg = Release|Any CPU
		{48C267F6-E921-48CD-B56E-F33E41B7F979}.Release|Any CPU.Build.0 = Release|Any CPU
		{48C267F6-E921-48CD-B56E-F33E41B7F979}.Release|Any CPU.Deploy.0 = Release|Any CPU
		{47B9B038-6053-4CF5-91BA-240023953342}.Debug|Any CPU.ActiveCfg = Debug|Any CPU
		{47B9B038-6053-4CF5-91BA-240023953342}.Debug|Any CPU.Build.0 = Debug|Any CPU
		{47B9B038-6053-4CF5-91BA-240023953342}.Release|Any CPU.ActiveCfg = Release|Any CPU
		{47B9B038-6053-4CF5-91BA-240023953342}.Release|Any CPU.Build.0 = Release|Any CPU
	EndGlobalSection
	GlobalSection(SolutionProperties) = preSolution
		HideSolutionNode = FALSE
	EndGlobalSection
	GlobalSection(ExtensibilityGlobals) = postSolution
		SolutionGuid = {0B9AF622-D7E0-4CFB-BFFB-C53C0CCD3713}
	EndGlobalSection
EndGlobal
